
Microsoft Visual Studio Solution File, Format Version 12.00
# Visual Studio Version 17
VisualStudioVersion = 17.2.32630.192
MinimumVisualStudioVersion = 10.0.40219.1
Project("{9A19103F-16F7-4668-BE54-9A1E7A4F7556}") = "Core", "Core\Core.csproj", "{92BDFE13-CB78-42E6-A778-7FC7D0489C37}"
EndProject
Project("{9A19103F-16F7-4668-BE54-9A1E7A4F7556}") = "Repository", "Repository\Repository.csproj", "{24CAAE44-9516-4955-B1DF-010063B5D429}"
EndProject
Project("{9A19103F-16F7-4668-BE54-9A1E7A4F7556}") = "Service", "Service\Service.csproj", "{01E885C3-F8CB-40AE-96AF-FCBEE83D8E46}"
EndProject
Project("{9A19103F-16F7-4668-BE54-9A1E7A4F7556}") = "API", "API\API.csproj", "{C8F9681A-D8D5-4504-AD48-82E151437408}"
EndProject
Project("{FAE04EC0-301F-11D3-BF4B-00C04F79EFBC}") = "ContactApp.UnitTest", "ContactApp.UnitTest\ContactApp.UnitTest.csproj", "{F12078AC-00BC-4388-89B9-D82775B2DF8A}"
EndProject
Global
	GlobalSection(SolutionConfigurationPlatforms) = preSolution
		Debug|Any CPU = Debug|Any CPU
		Release|Any CPU = Release|Any CPU
	EndGlobalSection
	GlobalSection(ProjectConfigurationPlatforms) = postSolution
		{92BDFE13-CB78-42E6-A778-7FC7D0489C37}.Debug|Any CPU.ActiveCfg = Debug|Any CPU
		{92BDFE13-CB78-42E6-A778-7FC7D0489C37}.Debug|Any CPU.Build.0 = Debug|Any CPU
		{92BDFE13-CB78-42E6-A778-7FC7D0489C37}.Release|Any CPU.ActiveCfg = Release|Any CPU
		{92BDFE13-CB78-42E6-A778-7FC7D0489C37}.Release|Any CPU.Build.0 = Release|Any CPU
		{24CAAE44-9516-4955-B1DF-010063B5D429}.Debug|Any CPU.ActiveCfg = Debug|Any CPU
		{24CAAE44-9516-4955-B1DF-010063B5D429}.Debug|Any CPU.Build.0 = Debug|Any CPU
		{24CAAE44-9516-4955-B1DF-010063B5D429}.Release|Any CPU.ActiveCfg = Release|Any CPU
		{24CAAE44-9516-4955-B1DF-010063B5D429}.Release|Any CPU.Build.0 = Release|Any CPU
		{01E885C3-F8CB-40AE-96AF-FCBEE83D8E46}.Debug|Any CPU.ActiveCfg = Debug|Any CPU
		{01E885C3-F8CB-40AE-96AF-FCBEE83D8E46}.Debug|Any CPU.Build.0 = Debug|Any CPU
		{01E885C3-F8CB-40AE-96AF-FCBEE83D8E46}.Release|Any CPU.ActiveCfg = Release|Any CPU
		{01E885C3-F8CB-40AE-96AF-FCBEE83D8E46}.Release|Any CPU.Build.0 = Release|Any CPU
		{C8F9681A-D8D5-4504-AD48-82E151437408}.Debug|Any CPU.ActiveCfg = Debug|Any CPU
		{C8F9681A-D8D5-4504-AD48-82E151437408}.Debug|Any CPU.Build.0 = Debug|Any CPU
		{C8F9681A-D8D5-4504-AD48-82E151437408}.Release|Any CPU.ActiveCfg = Release|Any CPU
		{C8F9681A-D8D5-4504-AD48-82E151437408}.Release|Any CPU.Build.0 = Release|Any CPU
		{F12078AC-00BC-4388-89B9-D82775B2DF8A}.Debug|Any CPU.ActiveCfg = Debug|Any CPU
		{F12078AC-00BC-4388-89B9-D82775B2DF8A}.Debug|Any CPU.Build.0 = Debug|Any CPU
		{F12078AC-00BC-4388-89B9-D82775B2DF8A}.Release|Any CPU.ActiveCfg = Release|Any CPU
		{F12078AC-00BC-4388-89B9-D82775B2DF8A}.Release|Any CPU.Build.0 = Release|Any CPU
	EndGlobalSection
	GlobalSection(SolutionProperties) = preSolution
		HideSolutionNode = FALSE
	EndGlobalSection
	GlobalSection(ExtensibilityGlobals) = postSolution
		SolutionGuid = {7149EC3E-3A8A-4181-B5C7-9EE31BFD87F9}
	EndGlobalSection
EndGlobal
